
Microsoft Visual Studio Solution File, Format Version 12.00
# Visual Studio Version 17
VisualStudioVersion = 17.5.33530.505
MinimumVisualStudioVersion = 10.0.40219.1
Project("{FAE04EC0-301F-11D3-BF4B-00C04F79EFBC}") = "ConsoleAppWorkerWithExcelDoc", "ConsoleAppWorkerWithExcelDoc.csproj", "{A02C946B-799F-494E-BF69-95EA8837B592}"
EndProject
Global
	GlobalSection(SolutionConfigurationPlatforms) = preSolution
		Debug|Any CPU = Debug|Any CPU
		Release|Any CPU = Release|Any CPU
	EndGlobalSection
	GlobalSection(ProjectConfigurationPlatforms) = postSolution
		{A02C946B-799F-494E-BF69-95EA8837B592}.Debug|Any CPU.ActiveCfg = Debug|Any CPU
		{A02C946B-799F-494E-BF69-95EA8837B592}.Debug|Any CPU.Build.0 = Debug|Any CPU
		{A02C946B-799F-494E-BF69-95EA8837B592}.Release|Any CPU.ActiveCfg = Release|Any CPU
		{A02C946B-799F-494E-BF69-95EA8837B592}.Release|Any CPU.Build.0 = Release|Any CPU
	EndGlobalSection
	GlobalSection(SolutionProperties) = preSolution
		HideSolutionNode = FALSE
	EndGlobalSection
	GlobalSection(ExtensibilityGlobals) = postSolution
		SolutionGuid = {1CD5ED7E-6B2E-4A59-970F-5F1EF16D69DD}
	EndGlobalSection
EndGlobal
